
Microsoft Visual Studio Solution File, Format Version 12.00
# Visual Studio Version 17
VisualStudioVersion = 17.8.34511.84
MinimumVisualStudioVersion = 10.0.40219.1
Project("{FAE04EC0-301F-11D3-BF4B-00C04F79EFBC}") = "Tarea1-Leonardo", "Tarea1-Leonardo.csproj", "{2B7378E5-B29E-4B2A-99A7-63EDFE3CB7CE}"
EndProject
Global
	GlobalSection(SolutionConfigurationPlatforms) = preSolution
		Debug|Any CPU = Debug|Any CPU
		Release|Any CPU = Release|Any CPU
	EndGlobalSection
	GlobalSection(ProjectConfigurationPlatforms) = postSolution
		{2B7378E5-B29E-4B2A-99A7-63EDFE3CB7CE}.Debug|Any CPU.ActiveCfg = Debug|Any CPU
		{2B7378E5-B29E-4B2A-99A7-63EDFE3CB7CE}.Debug|Any CPU.Build.0 = Debug|Any CPU
		{2B7378E5-B29E-4B2A-99A7-63EDFE3CB7CE}.Release|Any CPU.ActiveCfg = Release|Any CPU
		{2B7378E5-B29E-4B2A-99A7-63EDFE3CB7CE}.Release|Any CPU.Build.0 = Release|Any CPU
	EndGlobalSection
	GlobalSection(SolutionProperties) = preSolution
		HideSolutionNode = FALSE
	EndGlobalSection
	GlobalSection(ExtensibilityGlobals) = postSolution
		SolutionGuid = {596E7B2A-8237-4813-AB85-21A87C8DE003}
	EndGlobalSection
EndGlobal
